
Microsoft Visual Studio Solution File, Format Version 12.00
# Visual Studio 2013
VisualStudioVersion = 12.0.21005.1
MinimumVisualStudioVersion = 10.0.40219.1
Project("{2150E333-8FDC-42A3-9474-1A3956D46DE8}") = "License", "License", "{8419FD6D-0E57-4460-8FCA-7FB8D77F0DDB}"
	ProjectSection(SolutionItems) = preProject
		MIT-LICENSE.txt = MIT-LICENSE.txt
	EndProjectSection
EndProject
Project("{FAE04EC0-301F-11D3-BF4B-00C04F79EFBC}") = "Pendletron.Vsix.LocateInTFS", "Pendletron.Vsix.LocateInTFS\Pendletron.Vsix.LocateInTFS.csproj", "{C143CA2E-DC6F-4D70-A9C6-7D3C9E1FB135}"
EndProject
Project("{FAE04EC0-301F-11D3-BF4B-00C04F79EFBC}") = "Pendletron.Vsix.Core", "Pendletron.Vsix.Core\Pendletron.Vsix.Core.csproj", "{161765BB-4464-4308-8E9A-15F4830D499B}"
EndProject
Global
	GlobalSection(SolutionConfigurationPlatforms) = preSolution
		Debug|Any CPU = Debug|Any CPU
		Release|Any CPU = Release|Any CPU
	EndGlobalSection
	GlobalSection(ProjectConfigurationPlatforms) = postSolution
		{C143CA2E-DC6F-4D70-A9C6-7D3C9E1FB135}.Debug|Any CPU.ActiveCfg = Debug|Any CPU
		{C143CA2E-DC6F-4D70-A9C6-7D3C9E1FB135}.Debug|Any CPU.Build.0 = Debug|Any CPU
		{C143CA2E-DC6F-4D70-A9C6-7D3C9E1FB135}.Release|Any CPU.ActiveCfg = Release|Any CPU
		{C143CA2E-DC6F-4D70-A9C6-7D3C9E1FB135}.Release|Any CPU.Build.0 = Release|Any CPU
		{161765BB-4464-4308-8E9A-15F4830D499B}.Debug|Any CPU.ActiveCfg = Debug|Any CPU
		{161765BB-4464-4308-8E9A-15F4830D499B}.Debug|Any CPU.Build.0 = Debug|Any CPU
		{161765BB-4464-4308-8E9A-15F4830D499B}.Release|Any CPU.ActiveCfg = Release|Any CPU
		{161765BB-4464-4308-8E9A-15F4830D499B}.Release|Any CPU.Build.0 = Release|Any CPU
	EndGlobalSection
	GlobalSection(SolutionProperties) = preSolution
		HideSolutionNode = FALSE
	EndGlobalSection
EndGlobal
