
Microsoft Visual Studio Solution File, Format Version 11.00
# Visual Studio 2010
Project("{FAE04EC0-301F-11D3-BF4B-00C04F79EFBC}") = "LocateInSourceControl", "LocateInSourceControl\LocateInSourceControl.csproj", "{6904C55D-3B24-433B-9A7C-92D53E2A36BA}"
EndProject
Project("{FAE04EC0-301F-11D3-BF4B-00C04F79EFBC}") = "LocateInSourceControl_IntegrationTests", "LocateInSourceControl\LocateInSourceControl_IntegrationTests\LocateInSourceControl_IntegrationTests.csproj", "{D7F9860E-EDAC-4B7B-9701-4DBD3CAB4A83}"
EndProject
Project("{2150E333-8FDC-42A3-9474-1A3956D46DE8}") = "Solution Items", "Solution Items", "{65950BC8-CB71-48C3-9225-482C1A18A76B}"
	ProjectSection(SolutionItems) = preProject
		IntegrationTests.testsettings = IntegrationTests.testsettings
		UnitTests.testsettings = UnitTests.testsettings
	EndProjectSection
EndProject
Project("{FAE04EC0-301F-11D3-BF4B-00C04F79EFBC}") = "LocateInSourceControl_UnitTests", "LocateInSourceControl\LocateInSourceControl_UnitTests\LocateInSourceControl_UnitTests.csproj", "{B1FE350D-EC22-43C8-82C1-073888CA217B}"
EndProject
Global
	GlobalSection(SolutionConfigurationPlatforms) = preSolution
		Debug|Any CPU = Debug|Any CPU
		Release|Any CPU = Release|Any CPU
	EndGlobalSection
	GlobalSection(ProjectConfigurationPlatforms) = postSolution
		{6904C55D-3B24-433B-9A7C-92D53E2A36BA}.Debug|Any CPU.ActiveCfg = Debug|Any CPU
		{6904C55D-3B24-433B-9A7C-92D53E2A36BA}.Debug|Any CPU.Build.0 = Debug|Any CPU
		{6904C55D-3B24-433B-9A7C-92D53E2A36BA}.Release|Any CPU.ActiveCfg = Release|Any CPU
		{6904C55D-3B24-433B-9A7C-92D53E2A36BA}.Release|Any CPU.Build.0 = Release|Any CPU
		{D7F9860E-EDAC-4B7B-9701-4DBD3CAB4A83}.Debug|Any CPU.ActiveCfg = Debug|Any CPU
		{D7F9860E-EDAC-4B7B-9701-4DBD3CAB4A83}.Debug|Any CPU.Build.0 = Debug|Any CPU
		{D7F9860E-EDAC-4B7B-9701-4DBD3CAB4A83}.Release|Any CPU.ActiveCfg = Release|Any CPU
		{D7F9860E-EDAC-4B7B-9701-4DBD3CAB4A83}.Release|Any CPU.Build.0 = Release|Any CPU
		{B1FE350D-EC22-43C8-82C1-073888CA217B}.Debug|Any CPU.ActiveCfg = Debug|Any CPU
		{B1FE350D-EC22-43C8-82C1-073888CA217B}.Debug|Any CPU.Build.0 = Debug|Any CPU
		{B1FE350D-EC22-43C8-82C1-073888CA217B}.Release|Any CPU.ActiveCfg = Release|Any CPU
		{B1FE350D-EC22-43C8-82C1-073888CA217B}.Release|Any CPU.Build.0 = Release|Any CPU
	EndGlobalSection
	GlobalSection(SolutionProperties) = preSolution
		HideSolutionNode = FALSE
	EndGlobalSection
EndGlobal
